
Microsoft Visual Studio Solution File, Format Version 12.00
# Visual Studio Version 17
VisualStudioVersion = 17.13.35913.81
MinimumVisualStudioVersion = 10.0.40219.1
Project("{FAE04EC0-301F-11D3-BF4B-00C04F79EFBC}") = "MessengerApiGateway", "Messenger\MessengerApiGateway.csproj", "{9DD29783-0C48-42A8-B8C9-DA8FA6DFE63A}"
EndProject
Project("{FAE04EC0-301F-11D3-BF4B-00C04F79EFBC}") = "UserService", "UserService\UserService.csproj", "{4432AAA7-2D0F-4EDB-9F0C-941CE7A83C9D}"
EndProject
Project("{FAE04EC0-301F-11D3-BF4B-00C04F79EFBC}") = "MessageService", "MessageService\MessageService.csproj", "{D15818F5-E431-4F0B-B9BC-B2F80898C2F7}"
EndProject
Global
	GlobalSection(SolutionConfigurationPlatforms) = preSolution
		Debug|Any CPU = Debug|Any CPU
		Release|Any CPU = Release|Any CPU
	EndGlobalSection
	GlobalSection(ProjectConfigurationPlatforms) = postSolution
		{9DD29783-0C48-42A8-B8C9-DA8FA6DFE63A}.Debug|Any CPU.ActiveCfg = Debug|Any CPU
		{9DD29783-0C48-42A8-B8C9-DA8FA6DFE63A}.Debug|Any CPU.Build.0 = Debug|Any CPU
		{9DD29783-0C48-42A8-B8C9-DA8FA6DFE63A}.Release|Any CPU.ActiveCfg = Release|Any CPU
		{9DD29783-0C48-42A8-B8C9-DA8FA6DFE63A}.Release|Any CPU.Build.0 = Release|Any CPU
		{4432AAA7-2D0F-4EDB-9F0C-941CE7A83C9D}.Debug|Any CPU.ActiveCfg = Debug|Any CPU
		{4432AAA7-2D0F-4EDB-9F0C-941CE7A83C9D}.Debug|Any CPU.Build.0 = Debug|Any CPU
		{4432AAA7-2D0F-4EDB-9F0C-941CE7A83C9D}.Release|Any CPU.ActiveCfg = Release|Any CPU
		{4432AAA7-2D0F-4EDB-9F0C-941CE7A83C9D}.Release|Any CPU.Build.0 = Release|Any CPU
		{D15818F5-E431-4F0B-B9BC-B2F80898C2F7}.Debug|Any CPU.ActiveCfg = Debug|Any CPU
		{D15818F5-E431-4F0B-B9BC-B2F80898C2F7}.Debug|Any CPU.Build.0 = Debug|Any CPU
		{D15818F5-E431-4F0B-B9BC-B2F80898C2F7}.Release|Any CPU.ActiveCfg = Release|Any CPU
		{D15818F5-E431-4F0B-B9BC-B2F80898C2F7}.Release|Any CPU.Build.0 = Release|Any CPU
	EndGlobalSection
	GlobalSection(SolutionProperties) = preSolution
		HideSolutionNode = FALSE
	EndGlobalSection
	GlobalSection(ExtensibilityGlobals) = postSolution
		SolutionGuid = {9F209264-8A08-4A8E-AE36-CF1E7C576772}
	EndGlobalSection
EndGlobal
