
Microsoft Visual Studio Solution File, Format Version 12.00
# Visual Studio Version 17
VisualStudioVersion = 17.13.35913.81
MinimumVisualStudioVersion = 10.0.40219.1
Project("{FAE04EC0-301F-11D3-BF4B-00C04F79EFBC}") = "UserService", "UserService\UserService.csproj", "{4432AAA7-2D0F-4EDB-9F0C-941CE7A83C9D}"
EndProject
Project("{FAE04EC0-301F-11D3-BF4B-00C04F79EFBC}") = "MessageService", "MessageService\MessageService.csproj", "{D15818F5-E431-4F0B-B9BC-B2F80898C2F7}"
EndProject
Project("{FAE04EC0-301F-11D3-BF4B-00C04F79EFBC}") = "MessengerClient", "MessengerClient\MessengerClient.csproj", "{396C54B2-4CA2-4C29-8E8C-43E7549253E2}"
EndProject
Project("{2150E333-8FDC-42A3-9474-1A3956D46DE8}") = "Solution Items", "Solution Items", "{8EC462FD-D22E-90A8-E5CE-7E832BA40C5D}"
	ProjectSection(SolutionItems) = preProject
		docker-compose.yml = docker-compose.yml
		dockerfile = dockerfile
	EndProjectSection
EndProject
Project("{2150E333-8FDC-42A3-9474-1A3956D46DE8}") = ".github", ".github", "{02EA681E-C7D8-13C7-8484-4AC65E1B71E8}"
EndProject
Project("{2150E333-8FDC-42A3-9474-1A3956D46DE8}") = "workflows", "workflows", "{D7B18718-4108-4B8F-9981-A2B2E5CCE8D5}"
	ProjectSection(SolutionItems) = preProject
		docker-check.yml = docker-check.yml
		dotnet-build.yml = dotnet-build.yml
	EndProjectSection
EndProject
Project("{2150E333-8FDC-42A3-9474-1A3956D46DE8}") = "k8s", "k8s", "{FD5CC086-13E5-4591-8543-590192E1102F}"
	ProjectSection(SolutionItems) = preProject
		messageservice-deployment.yaml = messageservice-deployment.yaml
		messageservice-service.yaml = messageservice-service.yaml
		userservice-deployment.yaml = userservice-deployment.yaml
		userservice-service.yaml = userservice-service.yaml
	EndProjectSection
EndProject
Global
	GlobalSection(SolutionConfigurationPlatforms) = preSolution
		Debug|Any CPU = Debug|Any CPU
		Release|Any CPU = Release|Any CPU
	EndGlobalSection
	GlobalSection(ProjectConfigurationPlatforms) = postSolution
		{4432AAA7-2D0F-4EDB-9F0C-941CE7A83C9D}.Debug|Any CPU.ActiveCfg = Debug|Any CPU
		{4432AAA7-2D0F-4EDB-9F0C-941CE7A83C9D}.Debug|Any CPU.Build.0 = Debug|Any CPU
		{4432AAA7-2D0F-4EDB-9F0C-941CE7A83C9D}.Release|Any CPU.ActiveCfg = Release|Any CPU
		{4432AAA7-2D0F-4EDB-9F0C-941CE7A83C9D}.Release|Any CPU.Build.0 = Release|Any CPU
		{D15818F5-E431-4F0B-B9BC-B2F80898C2F7}.Debug|Any CPU.ActiveCfg = Debug|Any CPU
		{D15818F5-E431-4F0B-B9BC-B2F80898C2F7}.Debug|Any CPU.Build.0 = Debug|Any CPU
		{D15818F5-E431-4F0B-B9BC-B2F80898C2F7}.Release|Any CPU.ActiveCfg = Release|Any CPU
		{D15818F5-E431-4F0B-B9BC-B2F80898C2F7}.Release|Any CPU.Build.0 = Release|Any CPU
		{396C54B2-4CA2-4C29-8E8C-43E7549253E2}.Debug|Any CPU.ActiveCfg = Debug|Any CPU
		{396C54B2-4CA2-4C29-8E8C-43E7549253E2}.Debug|Any CPU.Build.0 = Debug|Any CPU
		{396C54B2-4CA2-4C29-8E8C-43E7549253E2}.Release|Any CPU.ActiveCfg = Release|Any CPU
		{396C54B2-4CA2-4C29-8E8C-43E7549253E2}.Release|Any CPU.Build.0 = Release|Any CPU
	EndGlobalSection
	GlobalSection(SolutionProperties) = preSolution
		HideSolutionNode = FALSE
	EndGlobalSection
	GlobalSection(NestedProjects) = preSolution
		{D7B18718-4108-4B8F-9981-A2B2E5CCE8D5} = {02EA681E-C7D8-13C7-8484-4AC65E1B71E8}
	EndGlobalSection
	GlobalSection(ExtensibilityGlobals) = postSolution
		SolutionGuid = {9F209264-8A08-4A8E-AE36-CF1E7C576772}
	EndGlobalSection
EndGlobal
